
Microsoft Visual Studio Solution File, Format Version 12.00
# Visual Studio Version 17
VisualStudioVersion = 17.1.32319.34
MinimumVisualStudioVersion = 10.0.40219.1
Project("{9A19103F-16F7-4668-BE54-9A1E7A4F7556}") = "BlazorECommerce.Server", "BlazorECommerce\Server\BlazorECommerce.Server.csproj", "{8D7A78C7-1936-4270-BC93-6D626779F1D0}"
EndProject
Project("{9A19103F-16F7-4668-BE54-9A1E7A4F7556}") = "BlazorECommerce.Client", "BlazorECommerce\Client\BlazorECommerce.Client.csproj", "{744ECAFD-E91E-4203-A0B8-4DB513E5FCF3}"
EndProject
Project("{9A19103F-16F7-4668-BE54-9A1E7A4F7556}") = "BlazorECommerce.Shared", "BlazorECommerce\Shared\BlazorECommerce.Shared.csproj", "{9A196994-C23B-4B5D-A5A5-6F2D9F13CF38}"
EndProject
Global
	GlobalSection(SolutionConfigurationPlatforms) = preSolution
		Debug|Any CPU = Debug|Any CPU
		Release|Any CPU = Release|Any CPU
	EndGlobalSection
	GlobalSection(ProjectConfigurationPlatforms) = postSolution
		{8D7A78C7-1936-4270-BC93-6D626779F1D0}.Debug|Any CPU.ActiveCfg = Debug|Any CPU
		{8D7A78C7-1936-4270-BC93-6D626779F1D0}.Debug|Any CPU.Build.0 = Debug|Any CPU
		{8D7A78C7-1936-4270-BC93-6D626779F1D0}.Release|Any CPU.ActiveCfg = Release|Any CPU
		{8D7A78C7-1936-4270-BC93-6D626779F1D0}.Release|Any CPU.Build.0 = Release|Any CPU
		{744ECAFD-E91E-4203-A0B8-4DB513E5FCF3}.Debug|Any CPU.ActiveCfg = Debug|Any CPU
		{744ECAFD-E91E-4203-A0B8-4DB513E5FCF3}.Debug|Any CPU.Build.0 = Debug|Any CPU
		{744ECAFD-E91E-4203-A0B8-4DB513E5FCF3}.Release|Any CPU.ActiveCfg = Release|Any CPU
		{744ECAFD-E91E-4203-A0B8-4DB513E5FCF3}.Release|Any CPU.Build.0 = Release|Any CPU
		{9A196994-C23B-4B5D-A5A5-6F2D9F13CF38}.Debug|Any CPU.ActiveCfg = Debug|Any CPU
		{9A196994-C23B-4B5D-A5A5-6F2D9F13CF38}.Debug|Any CPU.Build.0 = Debug|Any CPU
		{9A196994-C23B-4B5D-A5A5-6F2D9F13CF38}.Release|Any CPU.ActiveCfg = Release|Any CPU
		{9A196994-C23B-4B5D-A5A5-6F2D9F13CF38}.Release|Any CPU.Build.0 = Release|Any CPU
	EndGlobalSection
	GlobalSection(SolutionProperties) = preSolution
		HideSolutionNode = FALSE
	EndGlobalSection
	GlobalSection(ExtensibilityGlobals) = postSolution
		SolutionGuid = {C9A34569-267E-454C-A486-694BE3817EFE}
	EndGlobalSection
EndGlobal
